
Microsoft Visual Studio Solution File, Format Version 12.00
# Visual Studio Version 17
VisualStudioVersion = 17.9.34616.47
MinimumVisualStudioVersion = 10.0.40219.1
Project("{FAE04EC0-301F-11D3-BF4B-00C04F79EFBC}") = "MidpassAutoQueue", "MidpassAutoQueue.csproj", "{13A52262-CED3-48EA-90EC-73069A33C676}"
EndProject
Global
	GlobalSection(SolutionConfigurationPlatforms) = preSolution
		Debug|Any CPU = Debug|Any CPU
		Release|Any CPU = Release|Any CPU
	EndGlobalSection
	GlobalSection(ProjectConfigurationPlatforms) = postSolution
		{13A52262-CED3-48EA-90EC-73069A33C676}.Debug|Any CPU.ActiveCfg = Debug|Any CPU
		{13A52262-CED3-48EA-90EC-73069A33C676}.Debug|Any CPU.Build.0 = Debug|Any CPU
		{13A52262-CED3-48EA-90EC-73069A33C676}.Release|Any CPU.ActiveCfg = Release|Any CPU
		{13A52262-CED3-48EA-90EC-73069A33C676}.Release|Any CPU.Build.0 = Release|Any CPU
	EndGlobalSection
	GlobalSection(SolutionProperties) = preSolution
		HideSolutionNode = FALSE
	EndGlobalSection
	GlobalSection(ExtensibilityGlobals) = postSolution
		SolutionGuid = {F0C47651-E8AB-4186-93DB-725846EF0766}
	EndGlobalSection
EndGlobal
